// !$*UTF8*$!
{
	archiveVersion = 1;
	classes = {
	};
	objectVersion = 46;
	objects = {

/* Begin PBXBuildFile section */
		092354B313A1D7EB00DA740F /* CFNetwork.framework in Frameworks */ = {isa = PBXBuildFile; fileRef = 092354B213A1D7EB00DA740F /* CFNetwork.framework */; };
		092354B513A1D7F000DA740F /* SystemConfiguration.framework in Frameworks */ = {isa = PBXBuildFile; fileRef = 092354B413A1D7F000DA740F /* SystemConfiguration.framework */; };
		092354B713A1D83C00DA740F /* MobileCoreServices.framework in Frameworks */ = {isa = PBXBuildFile; fileRef = 092354B613A1D83C00DA740F /* MobileCoreServices.framework */; };
		095ACE8613C68EA300566243 /* AudioToolbox.framework in Frameworks */ = {isa = PBXBuildFile; fileRef = 095ACE8513C68EA300566243 /* AudioToolbox.framework */; };
		099CCEAD13F9E3760039A464 /* libz.1.1.3.dylib in Frameworks */ = {isa = PBXBuildFile; fileRef = 099CCEAC13F9E3760039A464 /* libz.1.1.3.dylib */; };
		09ABC07213A1D52D009C3FCF /* UIKit.framework in Frameworks */ = {isa = PBXBuildFile; fileRef = 09ABC07113A1D52D009C3FCF /* UIKit.framework */; };
		09ABC07413A1D52D009C3FCF /* Foundation.framework in Frameworks */ = {isa = PBXBuildFile; fileRef = 09ABC07313A1D52D009C3FCF /* Foundation.framework */; };
		09BEF34C13D51C3F001BBCDB /* Security.framework in Frameworks */ = {isa = PBXBuildFile; fileRef = 09BEF34B13D51C3F001BBCDB /* Security.framework */; };
		2F19B7501A487A0C00E29463 /* FacebookSDK.framework in Frameworks */ = {isa = PBXBuildFile; fileRef = 2F19B74E1A487A0C00E29463 /* FacebookSDK.framework */; };
		2F19B7511A487A0C00E29463 /* FBAudienceNetwork.framework in Frameworks */ = {isa = PBXBuildFile; fileRef = 2F19B74F1A487A0C00E29463 /* FBAudienceNetwork.framework */; };
		2F23E5501A49DDDF00017554 /* AccountViewController.swift in Sources */ = {isa = PBXBuildFile; fileRef = 2F23E54B1A49DDDF00017554 /* AccountViewController.swift */; };
		2F23E5511A49DDDF00017554 /* RocketPoll-Info.plist in Resources */ = {isa = PBXBuildFile; fileRef = 2F23E54C1A49DDDF00017554 /* RocketPoll-Info.plist */; };
		2F23E55E1A49DDE900017554 /* Default-568h@2x.png in Resources */ = {isa = PBXBuildFile; fileRef = 2F23E5521A49DDE900017554 /* Default-568h@2x.png */; };
		2F23E55F1A49DDE900017554 /* Default.png in Resources */ = {isa = PBXBuildFile; fileRef = 2F23E5531A49DDE900017554 /* Default.png */; };
		2F23E5601A49DDE900017554 /* Default@2x.png in Resources */ = {isa = PBXBuildFile; fileRef = 2F23E5541A49DDE900017554 /* Default@2x.png */; };
		2F23E5611A49DDE900017554 /* InfoPlist.strings in Resources */ = {isa = PBXBuildFile; fileRef = 2F23E5561A49DDE900017554 /* InfoPlist.strings */; };
		2F23E5621A49DDE900017554 /* MainWindow.xib in Resources */ = {isa = PBXBuildFile; fileRef = 2F23E5581A49DDE900017554 /* MainWindow.xib */; };
		2F23E5631A49DDE900017554 /* ParseStarterProjectViewController.xib in Resources */ = {isa = PBXBuildFile; fileRef = 2F23E55A1A49DDE900017554 /* ParseStarterProjectViewController.xib */; };
		2F23E5641A49DDE900017554 /* Entitlements.plist in Resources */ = {isa = PBXBuildFile; fileRef = 2F23E55C1A49DDE900017554 /* Entitlements.plist */; };
		2F2DB44B1AB4AD190045FF16 /* CommentsViewController.swift in Sources */ = {isa = PBXBuildFile; fileRef = 2F2DB44A1AB4AD190045FF16 /* CommentsViewController.swift */; };
		2F3B0C2D1A49E1FB007E20A8 /* AnswerOptionTableViewCell.swift in Sources */ = {isa = PBXBuildFile; fileRef = 2F3B0C291A49E1FB007E20A8 /* AnswerOptionTableViewCell.swift */; };
		2F3B0C2E1A49E1FB007E20A8 /* AnswerQuestionViewController.swift in Sources */ = {isa = PBXBuildFile; fileRef = 2F3B0C2A1A49E1FB007E20A8 /* AnswerQuestionViewController.swift */; };
		2F3B0C2F1A49E1FB007E20A8 /* AppDelegate.swift in Sources */ = {isa = PBXBuildFile; fileRef = 2F3B0C2B1A49E1FB007E20A8 /* AppDelegate.swift */; };
		2F3B0C301A49E1FB007E20A8 /* AskQuestionViewController.swift in Sources */ = {isa = PBXBuildFile; fileRef = 2F3B0C2C1A49E1FB007E20A8 /* AskQuestionViewController.swift */; };
		2F76703A1A61B32600F56955 /* DataController.swift in Sources */ = {isa = PBXBuildFile; fileRef = 2F7670391A61B32600F56955 /* DataController.swift */; };
		2F806DDC1ACE3C5700D0A633 /* NSDate+Extension.swift in Sources */ = {isa = PBXBuildFile; fileRef = 2F806DDB1ACE3C5700D0A633 /* NSDate+Extension.swift */; };
		2F806E081ACE3D1500D0A633 /* NSDateTimeAgo.bundle in Resources */ = {isa = PBXBuildFile; fileRef = 2F806E071ACE3D1500D0A633 /* NSDateTimeAgo.bundle */; };
		2F806E0A1ACE45AD00D0A633 /* FriendTableViewCell.swift in Sources */ = {isa = PBXBuildFile; fileRef = 2F806E091ACE45AD00D0A633 /* FriendTableViewCell.swift */; };
		2F8382481A719889003887F9 /* Launch.storyboard in Resources */ = {isa = PBXBuildFile; fileRef = 2F8382471A719889003887F9 /* Launch.storyboard */; };
		2F8498F71A49E4CC008A9586 /* PollingViewControllerBase.swift in Sources */ = {isa = PBXBuildFile; fileRef = 2F8498F61A49E4CC008A9586 /* PollingViewControllerBase.swift */; };
		2F8498FF1A49E5DB008A9586 /* Main.storyboard in Resources */ = {isa = PBXBuildFile; fileRef = 2F8498FD1A49E5DB008A9586 /* Main.storyboard */; };
		2F84990A1A49E699008A9586 /* RootViewController.swift in Sources */ = {isa = PBXBuildFile; fileRef = 2F8499081A49E699008A9586 /* RootViewController.swift */; };
		2F84990B1A49E699008A9586 /* SeeResultsViewController.swift in Sources */ = {isa = PBXBuildFile; fileRef = 2F8499091A49E699008A9586 /* SeeResultsViewController.swift */; };
		2F84990D1A49E6A4008A9586 /* ModelController.swift in Sources */ = {isa = PBXBuildFile; fileRef = 2F84990C1A49E6A4008A9586 /* ModelController.swift */; };
		2F8E94741A82F4C6005AEF79 /* QuestionResultViewController.swift in Sources */ = {isa = PBXBuildFile; fileRef = 2F8E94731A82F4C6005AEF79 /* QuestionResultViewController.swift */; };
		2F8E94761A82FED8005AEF79 /* QuestionResultTableViewCell.swift in Sources */ = {isa = PBXBuildFile; fileRef = 2F8E94751A82FED8005AEF79 /* QuestionResultTableViewCell.swift */; };
		2F90E2331A6F3F6900010EF4 /* ResponseCountCell.swift in Sources */ = {isa = PBXBuildFile; fileRef = 2F90E2321A6F3F6900010EF4 /* ResponseCountCell.swift */; };
		2F9F37401A64C24200B77EB9 /* QuestionsListViewController.swift in Sources */ = {isa = PBXBuildFile; fileRef = 2F9F373F1A64C24200B77EB9 /* QuestionsListViewController.swift */; };
		2F9F37461A64CB6500B77EB9 /* QuestionListTableViewCell.swift in Sources */ = {isa = PBXBuildFile; fileRef = 2F9F37451A64CB6500B77EB9 /* QuestionListTableViewCell.swift */; };
		2F9FE2A41A49E72B0061A0AA /* DataModels.swift in Sources */ = {isa = PBXBuildFile; fileRef = 2F9FE2A21A49E72B0061A0AA /* DataModels.swift */; };
		2FC933DE1A71C44200E670BE /* Social.framework in Frameworks */ = {isa = PBXBuildFile; fileRef = 6372FF551613CC42002132AF /* Social.framework */; };
		2FC933DF1A71C44700E670BE /* Accounts.framework in Frameworks */ = {isa = PBXBuildFile; fileRef = 6372FF521613CC3C002132AF /* Accounts.framework */; };
		2FCDD6B014A573F500295AAC /* QuartzCore.framework in Frameworks */ = {isa = PBXBuildFile; fileRef = 2FCDD6AF14A573F500295AAC /* QuartzCore.framework */; };
		2FD50CCD1A4A2684007D72B2 /* FriendsListViewController.swift in Sources */ = {isa = PBXBuildFile; fileRef = 2FD50CCC1A4A2684007D72B2 /* FriendsListViewController.swift */; };
		2FD74BE31A62EC1C0093BC03 /* FacebookFriendsTableViewCell.swift in Sources */ = {isa = PBXBuildFile; fileRef = 2FD74BE21A62EC1C0093BC03 /* FacebookFriendsTableViewCell.swift */; };
		2FE526E61AB4F32300B64C2D /* CommentsTableViewCell.swift in Sources */ = {isa = PBXBuildFile; fileRef = 2FE526E51AB4F32300B64C2D /* CommentsTableViewCell.swift */; };
		2FE665471A49ECAC0057BEC4 /* RocketPoll.xcdatamodeld in Sources */ = {isa = PBXBuildFile; fileRef = 2FE665451A49ECAC0057BEC4 /* RocketPoll.xcdatamodeld */; };
		2FF4087F1A741B110017FD3F /* RPLoginViewController.swift in Sources */ = {isa = PBXBuildFile; fileRef = 2FF4087E1A741B110017FD3F /* RPLoginViewController.swift */; };
		2FF408811A741FAB0017FD3F /* RPSignUpViewController.swift in Sources */ = {isa = PBXBuildFile; fileRef = 2FF408801A741FAB0017FD3F /* RPSignUpViewController.swift */; };
		2FF408831A7452F90017FD3F /* MyQuestionsViewController.swift in Sources */ = {isa = PBXBuildFile; fileRef = 2FF408821A7452F90017FD3F /* MyQuestionsViewController.swift */; };
		2FF408851A7455090017FD3F /* MyQuestionTableViewCell.swift in Sources */ = {isa = PBXBuildFile; fileRef = 2FF408841A7455090017FD3F /* MyQuestionTableViewCell.swift */; };
		2FF4C7861A88066D003116DD /* Images.xcassets in Resources */ = {isa = PBXBuildFile; fileRef = 2FF4C7851A88066D003116DD /* Images.xcassets */; };
		4998650515BF305000803E05 /* StoreKit.framework in Frameworks */ = {isa = PBXBuildFile; fileRef = 4998650415BF305000803E05 /* StoreKit.framework */; };
		743D7B6D157DA60100084B67 /* CoreGraphics.framework in Frameworks */ = {isa = PBXBuildFile; fileRef = 743D7B6C157DA60100084B67 /* CoreGraphics.framework */; };
		811B095C1A09503D008B3393 /* ParseUI.framework in Frameworks */ = {isa = PBXBuildFile; fileRef = 811B095B1A09503D008B3393 /* ParseUI.framework */; };
		817AD67C196B009E0014C796 /* Bolts.framework in Frameworks */ = {isa = PBXBuildFile; fileRef = 817AD67B196B009E0014C796 /* Bolts.framework */; };
		81A6CA5D1A2EA09D00297C39 /* ParseCrashReporting.framework in Frameworks */ = {isa = PBXBuildFile; fileRef = 81A6CA5C1A2EA09D00297C39 /* ParseCrashReporting.framework */; };
		81A6CA611A2EA82800297C39 /* libstdc++.6.dylib in Frameworks */ = {isa = PBXBuildFile; fileRef = 81A6CA601A2EA82800297C39 /* libstdc++.6.dylib */; };
		81DDFD1919B4A60300BE649C /* Parse.framework in Frameworks */ = {isa = PBXBuildFile; fileRef = 81DDFD1719B4A60300BE649C /* Parse.framework */; };
		81DDFD1A19B4A60300BE649C /* ParseFacebookUtils.framework in Frameworks */ = {isa = PBXBuildFile; fileRef = 81DDFD1819B4A60300BE649C /* ParseFacebookUtils.framework */; };
		91D261791A36EB67005D713D /* libsqlite3.0.dylib in Frameworks */ = {isa = PBXBuildFile; fileRef = 91D261781A36EB67005D713D /* libsqlite3.0.dylib */; };
		DD952FCB16E7F5CF00470144 /* CoreLocation.framework in Frameworks */ = {isa = PBXBuildFile; fileRef = 97E18B1E1624CB5700B17A67 /* CoreLocation.framework */; };
/* End PBXBuildFile section */

/* Begin PBXFileReference section */
		092354B213A1D7EB00DA740F /* CFNetwork.framework */ = {isa = PBXFileReference; lastKnownFileType = wrapper.framework; name = CFNetwork.framework; path = System/Library/Frameworks/CFNetwork.framework; sourceTree = SDKROOT; };
		092354B413A1D7F000DA740F /* SystemConfiguration.framework */ = {isa = PBXFileReference; lastKnownFileType = wrapper.framework; name = SystemConfiguration.framework; path = System/Library/Frameworks/SystemConfiguration.framework; sourceTree = SDKROOT; };
		092354B613A1D83C00DA740F /* MobileCoreServices.framework */ = {isa = PBXFileReference; lastKnownFileType = wrapper.framework; name = MobileCoreServices.framework; path = System/Library/Frameworks/MobileCoreServices.framework; sourceTree = SDKROOT; };
		095ACE8513C68EA300566243 /* AudioToolbox.framework */ = {isa = PBXFileReference; lastKnownFileType = wrapper.framework; name = AudioToolbox.framework; path = System/Library/Frameworks/AudioToolbox.framework; sourceTree = SDKROOT; };
		099CCEAC13F9E3760039A464 /* libz.1.1.3.dylib */ = {isa = PBXFileReference; lastKnownFileType = "compiled.mach-o.dylib"; name = libz.1.1.3.dylib; path = usr/lib/libz.1.1.3.dylib; sourceTree = SDKROOT; };
		09ABC06D13A1D52D009C3FCF /* RocketPoll.app */ = {isa = PBXFileReference; explicitFileType = wrapper.application; includeInIndex = 0; path = RocketPoll.app; sourceTree = BUILT_PRODUCTS_DIR; };
		09ABC07113A1D52D009C3FCF /* UIKit.framework */ = {isa = PBXFileReference; lastKnownFileType = wrapper.framework; name = UIKit.framework; path = System/Library/Frameworks/UIKit.framework; sourceTree = SDKROOT; };
		09ABC07313A1D52D009C3FCF /* Foundation.framework */ = {isa = PBXFileReference; lastKnownFileType = wrapper.framework; name = Foundation.framework; path = System/Library/Frameworks/Foundation.framework; sourceTree = SDKROOT; };
		09BEF34B13D51C3F001BBCDB /* Security.framework */ = {isa = PBXFileReference; lastKnownFileType = wrapper.framework; name = Security.framework; path = System/Library/Frameworks/Security.framework; sourceTree = SDKROOT; };
		2F19B7491A4874E800E29463 /* RocketPoll-Bridging-Header.h */ = {isa = PBXFileReference; lastKnownFileType = sourcecode.c.h; path = "RocketPoll-Bridging-Header.h"; sourceTree = "<group>"; };
		2F19B74E1A487A0C00E29463 /* FacebookSDK.framework */ = {isa = PBXFileReference; lastKnownFileType = wrapper.framework; path = FacebookSDK.framework; sourceTree = "<group>"; };
		2F19B74F1A487A0C00E29463 /* FBAudienceNetwork.framework */ = {isa = PBXFileReference; lastKnownFileType = wrapper.framework; path = FBAudienceNetwork.framework; sourceTree = "<group>"; };
		2F23E54B1A49DDDF00017554 /* AccountViewController.swift */ = {isa = PBXFileReference; fileEncoding = 4; lastKnownFileType = sourcecode.swift; name = AccountViewController.swift; path = RocketPoll/AccountViewController.swift; sourceTree = SOURCE_ROOT; };
		2F23E54C1A49DDDF00017554 /* RocketPoll-Info.plist */ = {isa = PBXFileReference; fileEncoding = 4; lastKnownFileType = text.plist.xml; name = "RocketPoll-Info.plist"; path = "RocketPoll/RocketPoll-Info.plist"; sourceTree = SOURCE_ROOT; };
		2F23E54D1A49DDDF00017554 /* RocketPoll-Prefix.pch */ = {isa = PBXFileReference; fileEncoding = 4; lastKnownFileType = sourcecode.c.h; name = "RocketPoll-Prefix.pch"; path = "RocketPoll/RocketPoll-Prefix.pch"; sourceTree = SOURCE_ROOT; };
		2F23E5521A49DDE900017554 /* Default-568h@2x.png */ = {isa = PBXFileReference; lastKnownFileType = image.png; name = "Default-568h@2x.png"; path = "RocketPoll/Default-568h@2x.png"; sourceTree = SOURCE_ROOT; };
		2F23E5531A49DDE900017554 /* Default.png */ = {isa = PBXFileReference; lastKnownFileType = image.png; name = Default.png; path = RocketPoll/Default.png; sourceTree = SOURCE_ROOT; };
		2F23E5541A49DDE900017554 /* Default@2x.png */ = {isa = PBXFileReference; lastKnownFileType = image.png; name = "Default@2x.png"; path = "RocketPoll/Default@2x.png"; sourceTree = SOURCE_ROOT; };
		2F23E5571A49DDE900017554 /* en */ = {isa = PBXFileReference; lastKnownFileType = text.plist.strings; name = en; path = InfoPlist.strings; sourceTree = "<group>"; };
		2F23E5591A49DDE900017554 /* en */ = {isa = PBXFileReference; lastKnownFileType = file.xib; name = en; path = MainWindow.xib; sourceTree = "<group>"; };
		2F23E55B1A49DDE900017554 /* en */ = {isa = PBXFileReference; lastKnownFileType = file.xib; name = en; path = ParseStarterProjectViewController.xib; sourceTree = "<group>"; };
		2F23E55C1A49DDE900017554 /* Entitlements.plist */ = {isa = PBXFileReference; fileEncoding = 4; lastKnownFileType = text.plist.xml; name = Entitlements.plist; path = RocketPoll/Entitlements.plist; sourceTree = SOURCE_ROOT; };
		2F2DB44A1AB4AD190045FF16 /* CommentsViewController.swift */ = {isa = PBXFileReference; fileEncoding = 4; lastKnownFileType = sourcecode.swift; path = CommentsViewController.swift; sourceTree = SOURCE_ROOT; };
		2F3B0C291A49E1FB007E20A8 /* AnswerOptionTableViewCell.swift */ = {isa = PBXFileReference; fileEncoding = 4; lastKnownFileType = sourcecode.swift; name = AnswerOptionTableViewCell.swift; path = RocketPoll/AnswerOptionTableViewCell.swift; sourceTree = SOURCE_ROOT; };
		2F3B0C2A1A49E1FB007E20A8 /* AnswerQuestionViewController.swift */ = {isa = PBXFileReference; fileEncoding = 4; lastKnownFileType = sourcecode.swift; name = AnswerQuestionViewController.swift; path = RocketPoll/AnswerQuestionViewController.swift; sourceTree = SOURCE_ROOT; };
		2F3B0C2B1A49E1FB007E20A8 /* AppDelegate.swift */ = {isa = PBXFileReference; fileEncoding = 4; lastKnownFileType = sourcecode.swift; name = AppDelegate.swift; path = RocketPoll/AppDelegate.swift; sourceTree = SOURCE_ROOT; };
		2F3B0C2C1A49E1FB007E20A8 /* AskQuestionViewController.swift */ = {isa = PBXFileReference; fileEncoding = 4; lastKnownFileType = sourcecode.swift; name = AskQuestionViewController.swift; path = RocketPoll/AskQuestionViewController.swift; sourceTree = SOURCE_ROOT; };
		2F7670391A61B32600F56955 /* DataController.swift */ = {isa = PBXFileReference; fileEncoding = 4; lastKnownFileType = sourcecode.swift; name = DataController.swift; path = RocketPoll/DataController.swift; sourceTree = SOURCE_ROOT; };
		2F806DDB1ACE3C5700D0A633 /* NSDate+Extension.swift */ = {isa = PBXFileReference; fileEncoding = 4; lastKnownFileType = sourcecode.swift; path = "NSDate+Extension.swift"; sourceTree = SOURCE_ROOT; };
		2F806E071ACE3D1500D0A633 /* NSDateTimeAgo.bundle */ = {isa = PBXFileReference; lastKnownFileType = "wrapper.plug-in"; name = NSDateTimeAgo.bundle; path = "../../../Downloads/NSDate-TimeAgo-master/NSDateTimeAgo.bundle"; sourceTree = "<group>"; };
		2F806E091ACE45AD00D0A633 /* FriendTableViewCell.swift */ = {isa = PBXFileReference; fileEncoding = 4; lastKnownFileType = sourcecode.swift; path = FriendTableViewCell.swift; sourceTree = SOURCE_ROOT; };
		2F8382471A719889003887F9 /* Launch.storyboard */ = {isa = PBXFileReference; fileEncoding = 4; lastKnownFileType = file.storyboard; name = Launch.storyboard; path = RocketPoll/Launch.storyboard; sourceTree = SOURCE_ROOT; };
		2F8498F61A49E4CC008A9586 /* PollingViewControllerBase.swift */ = {isa = PBXFileReference; fileEncoding = 4; lastKnownFileType = sourcecode.swift; name = PollingViewControllerBase.swift; path = RocketPoll/PollingViewControllerBase.swift; sourceTree = SOURCE_ROOT; };
		2F8498FE1A49E5DB008A9586 /* Base */ = {isa = PBXFileReference; lastKnownFileType = file.storyboard; name = Base; path = RocketPoll/Base.lproj/Main.storyboard; sourceTree = SOURCE_ROOT; };
		2F8499081A49E699008A9586 /* RootViewController.swift */ = {isa = PBXFileReference; fileEncoding = 4; lastKnownFileType = sourcecode.swift; name = RootViewController.swift; path = RocketPoll/RootViewController.swift; sourceTree = SOURCE_ROOT; };
		2F8499091A49E699008A9586 /* SeeResultsViewController.swift */ = {isa = PBXFileReference; fileEncoding = 4; lastKnownFileType = sourcecode.swift; name = SeeResultsViewController.swift; path = RocketPoll/SeeResultsViewController.swift; sourceTree = SOURCE_ROOT; };
		2F84990C1A49E6A4008A9586 /* ModelController.swift */ = {isa = PBXFileReference; fileEncoding = 4; lastKnownFileType = sourcecode.swift; name = ModelController.swift; path = RocketPoll/ModelController.swift; sourceTree = SOURCE_ROOT; };
		2F8E94731A82F4C6005AEF79 /* QuestionResultViewController.swift */ = {isa = PBXFileReference; fileEncoding = 4; lastKnownFileType = sourcecode.swift; path = QuestionResultViewController.swift; sourceTree = SOURCE_ROOT; };
		2F8E94751A82FED8005AEF79 /* QuestionResultTableViewCell.swift */ = {isa = PBXFileReference; fileEncoding = 4; lastKnownFileType = sourcecode.swift; path = QuestionResultTableViewCell.swift; sourceTree = SOURCE_ROOT; };
		2F90E2321A6F3F6900010EF4 /* ResponseCountCell.swift */ = {isa = PBXFileReference; fileEncoding = 4; lastKnownFileType = sourcecode.swift; path = ResponseCountCell.swift; sourceTree = SOURCE_ROOT; };
		2F9F373F1A64C24200B77EB9 /* QuestionsListViewController.swift */ = {isa = PBXFileReference; fileEncoding = 4; lastKnownFileType = sourcecode.swift; path = QuestionsListViewController.swift; sourceTree = SOURCE_ROOT; };
		2F9F37451A64CB6500B77EB9 /* QuestionListTableViewCell.swift */ = {isa = PBXFileReference; fileEncoding = 4; lastKnownFileType = sourcecode.swift; path = QuestionListTableViewCell.swift; sourceTree = SOURCE_ROOT; };
		2F9FE2A21A49E72B0061A0AA /* DataModels.swift */ = {isa = PBXFileReference; fileEncoding = 4; lastKnownFileType = sourcecode.swift; name = DataModels.swift; path = RocketPoll/DataModels.swift; sourceTree = SOURCE_ROOT; };
		2FCDD6AF14A573F500295AAC /* QuartzCore.framework */ = {isa = PBXFileReference; lastKnownFileType = wrapper.framework; name = QuartzCore.framework; path = System/Library/Frameworks/QuartzCore.framework; sourceTree = SDKROOT; };
		2FD50CCC1A4A2684007D72B2 /* FriendsListViewController.swift */ = {isa = PBXFileReference; fileEncoding = 4; lastKnownFileType = sourcecode.swift; name = FriendsListViewController.swift; path = RocketPoll/FriendsListViewController.swift; sourceTree = SOURCE_ROOT; };
		2FD74BE21A62EC1C0093BC03 /* FacebookFriendsTableViewCell.swift */ = {isa = PBXFileReference; fileEncoding = 4; lastKnownFileType = sourcecode.swift; name = FacebookFriendsTableViewCell.swift; path = RocketPoll/FacebookFriendsTableViewCell.swift; sourceTree = SOURCE_ROOT; };
		2FE526E51AB4F32300B64C2D /* CommentsTableViewCell.swift */ = {isa = PBXFileReference; fileEncoding = 4; lastKnownFileType = sourcecode.swift; path = CommentsTableViewCell.swift; sourceTree = SOURCE_ROOT; };
		2FE665461A49ECAC0057BEC4 /* RocketPoll.xcdatamodel */ = {isa = PBXFileReference; lastKnownFileType = wrapper.xcdatamodel; path = RocketPoll.xcdatamodel; sourceTree = "<group>"; };
		2FF4087E1A741B110017FD3F /* RPLoginViewController.swift */ = {isa = PBXFileReference; fileEncoding = 4; lastKnownFileType = sourcecode.swift; name = RPLoginViewController.swift; path = RocketPoll/RPLoginViewController.swift; sourceTree = SOURCE_ROOT; };
		2FF408801A741FAB0017FD3F /* RPSignUpViewController.swift */ = {isa = PBXFileReference; fileEncoding = 4; lastKnownFileType = sourcecode.swift; name = RPSignUpViewController.swift; path = RocketPoll/RPSignUpViewController.swift; sourceTree = SOURCE_ROOT; };
		2FF408821A7452F90017FD3F /* MyQuestionsViewController.swift */ = {isa = PBXFileReference; fileEncoding = 4; lastKnownFileType = sourcecode.swift; name = MyQuestionsViewController.swift; path = RocketPoll/MyQuestionsViewController.swift; sourceTree = SOURCE_ROOT; };
		2FF408841A7455090017FD3F /* MyQuestionTableViewCell.swift */ = {isa = PBXFileReference; fileEncoding = 4; lastKnownFileType = sourcecode.swift; name = MyQuestionTableViewCell.swift; path = RocketPoll/MyQuestionTableViewCell.swift; sourceTree = SOURCE_ROOT; };
		2FF4C7851A88066D003116DD /* Images.xcassets */ = {isa = PBXFileReference; lastKnownFileType = folder.assetcatalog; path = Images.xcassets; sourceTree = SOURCE_ROOT; };
		4998650415BF305000803E05 /* StoreKit.framework */ = {isa = PBXFileReference; lastKnownFileType = wrapper.framework; name = StoreKit.framework; path = System/Library/Frameworks/StoreKit.framework; sourceTree = SDKROOT; };
		6332375315E438E900AE2736 /* libsqlite3.dylib */ = {isa = PBXFileReference; lastKnownFileType = "compiled.mach-o.dylib"; name = libsqlite3.dylib; path = usr/lib/libsqlite3.dylib; sourceTree = SDKROOT; };
		6372FF521613CC3C002132AF /* Accounts.framework */ = {isa = PBXFileReference; lastKnownFileType = wrapper.framework; name = Accounts.framework; path = System/Library/Frameworks/Accounts.framework; sourceTree = SDKROOT; };
		6372FF551613CC42002132AF /* Social.framework */ = {isa = PBXFileReference; lastKnownFileType = wrapper.framework; name = Social.framework; path = System/Library/Frameworks/Social.framework; sourceTree = SDKROOT; };
		6372FF571613CC47002132AF /* AdSupport.framework */ = {isa = PBXFileReference; lastKnownFileType = wrapper.framework; name = AdSupport.framework; path = System/Library/Frameworks/AdSupport.framework; sourceTree = SDKROOT; };
		743D7B6C157DA60100084B67 /* CoreGraphics.framework */ = {isa = PBXFileReference; lastKnownFileType = wrapper.framework; name = CoreGraphics.framework; path = System/Library/Frameworks/CoreGraphics.framework; sourceTree = SDKROOT; };
		811B095B1A09503D008B3393 /* ParseUI.framework */ = {isa = PBXFileReference; lastKnownFileType = wrapper.framework; path = ParseUI.framework; sourceTree = "<group>"; };
		817AD67B196B009E0014C796 /* Bolts.framework */ = {isa = PBXFileReference; lastKnownFileType = wrapper.framework; path = Bolts.framework; sourceTree = "<group>"; };
		81A6CA5C1A2EA09D00297C39 /* ParseCrashReporting.framework */ = {isa = PBXFileReference; lastKnownFileType = wrapper.framework; path = ParseCrashReporting.framework; sourceTree = "<group>"; };
		81A6CA601A2EA82800297C39 /* libstdc++.6.dylib */ = {isa = PBXFileReference; lastKnownFileType = "compiled.mach-o.dylib"; name = "libstdc++.6.dylib"; path = "usr/lib/libstdc++.6.dylib"; sourceTree = SDKROOT; };
		81DDFD1719B4A60300BE649C /* Parse.framework */ = {isa = PBXFileReference; lastKnownFileType = wrapper.framework; path = Parse.framework; sourceTree = "<group>"; };
		81DDFD1819B4A60300BE649C /* ParseFacebookUtils.framework */ = {isa = PBXFileReference; lastKnownFileType = wrapper.framework; path = ParseFacebookUtils.framework; sourceTree = "<group>"; };
		91D261781A36EB67005D713D /* libsqlite3.0.dylib */ = {isa = PBXFileReference; lastKnownFileType = "compiled.mach-o.dylib"; name = libsqlite3.0.dylib; path = usr/lib/libsqlite3.0.dylib; sourceTree = SDKROOT; };
		97E18B1E1624CB5700B17A67 /* CoreLocation.framework */ = {isa = PBXFileReference; lastKnownFileType = wrapper.framework; name = CoreLocation.framework; path = System/Library/Frameworks/CoreLocation.framework; sourceTree = SDKROOT; };
/* End PBXFileReference section */

/* Begin PBXFrameworksBuildPhase section */
		09ABC06A13A1D52D009C3FCF /* Frameworks */ = {
			isa = PBXFrameworksBuildPhase;
			buildActionMask = 2147483647;
			files = (
				2FC933DF1A71C44700E670BE /* Accounts.framework in Frameworks */,
				2FC933DE1A71C44200E670BE /* Social.framework in Frameworks */,
				811B095C1A09503D008B3393 /* ParseUI.framework in Frameworks */,
				91D261791A36EB67005D713D /* libsqlite3.0.dylib in Frameworks */,
				2F19B7501A487A0C00E29463 /* FacebookSDK.framework in Frameworks */,
				81A6CA611A2EA82800297C39 /* libstdc++.6.dylib in Frameworks */,
				DD952FCB16E7F5CF00470144 /* CoreLocation.framework in Frameworks */,
				4998650515BF305000803E05 /* StoreKit.framework in Frameworks */,
				743D7B6D157DA60100084B67 /* CoreGraphics.framework in Frameworks */,
				81A6CA5D1A2EA09D00297C39 /* ParseCrashReporting.framework in Frameworks */,
				2FCDD6B014A573F500295AAC /* QuartzCore.framework in Frameworks */,
				099CCEAD13F9E3760039A464 /* libz.1.1.3.dylib in Frameworks */,
				09BEF34C13D51C3F001BBCDB /* Security.framework in Frameworks */,
				095ACE8613C68EA300566243 /* AudioToolbox.framework in Frameworks */,
				2F19B7511A487A0C00E29463 /* FBAudienceNetwork.framework in Frameworks */,
				092354B713A1D83C00DA740F /* MobileCoreServices.framework in Frameworks */,
				81DDFD1A19B4A60300BE649C /* ParseFacebookUtils.framework in Frameworks */,
				092354B513A1D7F000DA740F /* SystemConfiguration.framework in Frameworks */,
				092354B313A1D7EB00DA740F /* CFNetwork.framework in Frameworks */,
				81DDFD1919B4A60300BE649C /* Parse.framework in Frameworks */,
				09ABC07213A1D52D009C3FCF /* UIKit.framework in Frameworks */,
				09ABC07413A1D52D009C3FCF /* Foundation.framework in Frameworks */,
				817AD67C196B009E0014C796 /* Bolts.framework in Frameworks */,
			);
			runOnlyForDeploymentPostprocessing = 0;
		};
/* End PBXFrameworksBuildPhase section */

/* Begin PBXGroup section */
		09ABC06213A1D52D009C3FCF = {
			isa = PBXGroup;
			children = (
				2FE665451A49ECAC0057BEC4 /* RocketPoll.xcdatamodeld */,
				09ABC07713A1D52D009C3FCF /* RocketPoll */,
				09ABC07013A1D52D009C3FCF /* Frameworks */,
				09ABC06E13A1D52D009C3FCF /* Products */,
				2F19B7491A4874E800E29463 /* RocketPoll-Bridging-Header.h */,
			);
			sourceTree = "<group>";
		};
		09ABC06E13A1D52D009C3FCF /* Products */ = {
			isa = PBXGroup;
			children = (
				09ABC06D13A1D52D009C3FCF /* RocketPoll.app */,
			);
			name = Products;
			sourceTree = "<group>";
		};
		09ABC07013A1D52D009C3FCF /* Frameworks */ = {
			isa = PBXGroup;
			children = (
				2F19B74E1A487A0C00E29463 /* FacebookSDK.framework */,
				2F19B74F1A487A0C00E29463 /* FBAudienceNetwork.framework */,
				91D261781A36EB67005D713D /* libsqlite3.0.dylib */,
				81DDFD1719B4A60300BE649C /* Parse.framework */,
				811B095B1A09503D008B3393 /* ParseUI.framework */,
				81A6CA5C1A2EA09D00297C39 /* ParseCrashReporting.framework */,
				81DDFD1819B4A60300BE649C /* ParseFacebookUtils.framework */,
				817AD67B196B009E0014C796 /* Bolts.framework */,
				81A6CA5E1A2EA0B800297C39 /* System Frameworks */,
			);
			name = Frameworks;
			sourceTree = "<group>";
		};
		09ABC07713A1D52D009C3FCF /* RocketPoll */ = {
			isa = PBXGroup;
			children = (
				2FF4087D1A741A950017FD3F /* Identity */,
				2F3687491A708514006F7C4C /* User Interface */,
				2F9F37441A64C6FA00B77EB9 /* Core */,
				2F9F37431A64C6ED00B77EB9 /* Results */,
				2F9F37421A64C6E300B77EB9 /* Answer */,
				2F9F37411A64C6DC00B77EB9 /* Ask */,
				2F23E54C1A49DDDF00017554 /* RocketPoll-Info.plist */,
				2F23E54D1A49DDDF00017554 /* RocketPoll-Prefix.pch */,
				2F806E071ACE3D1500D0A633 /* NSDateTimeAgo.bundle */,
				09ABC07813A1D52D009C3FCF /* Supporting Files */,
				2FF4C7851A88066D003116DD /* Images.xcassets */,
			);
			name = RocketPoll;
			path = ParseStarterProject;
			sourceTree = "<group>";
		};
		09ABC07813A1D52D009C3FCF /* Supporting Files */ = {
			isa = PBXGroup;
			children = (
				2F23E5521A49DDE900017554 /* Default-568h@2x.png */,
				2F23E5531A49DDE900017554 /* Default.png */,
				2F23E5541A49DDE900017554 /* Default@2x.png */,
				2F23E5551A49DDE900017554 /* en.lproj */,
				2F23E55C1A49DDE900017554 /* Entitlements.plist */,
			);
			name = "Supporting Files";
			sourceTree = "<group>";
		};
		2F23E5551A49DDE900017554 /* en.lproj */ = {
			isa = PBXGroup;
			children = (
				2F23E5561A49DDE900017554 /* InfoPlist.strings */,
				2F23E5581A49DDE900017554 /* MainWindow.xib */,
				2F23E55A1A49DDE900017554 /* ParseStarterProjectViewController.xib */,
			);
			name = en.lproj;
			path = RocketPoll/en.lproj;
			sourceTree = SOURCE_ROOT;
		};
		2F3687491A708514006F7C4C /* User Interface */ = {
			isa = PBXGroup;
			children = (
				2F8498FD1A49E5DB008A9586 /* Main.storyboard */,
				2F8382471A719889003887F9 /* Launch.storyboard */,
			);
			name = "User Interface";
			sourceTree = "<group>";
		};
		2F9F37411A64C6DC00B77EB9 /* Ask */ = {
			isa = PBXGroup;
			children = (
				2F3B0C2C1A49E1FB007E20A8 /* AskQuestionViewController.swift */,
				2FD50CCC1A4A2684007D72B2 /* FriendsListViewController.swift */,
				2FD74BE21A62EC1C0093BC03 /* FacebookFriendsTableViewCell.swift */,
				2FF408821A7452F90017FD3F /* MyQuestionsViewController.swift */,
				2FF408841A7455090017FD3F /* MyQuestionTableViewCell.swift */,
				2F806E091ACE45AD00D0A633 /* FriendTableViewCell.swift */,
			);
			name = Ask;
			sourceTree = "<group>";
		};
		2F9F37421A64C6E300B77EB9 /* Answer */ = {
			isa = PBXGroup;
			children = (
				2F9F373F1A64C24200B77EB9 /* QuestionsListViewController.swift */,
				2F9F37451A64CB6500B77EB9 /* QuestionListTableViewCell.swift */,
				2F3B0C2A1A49E1FB007E20A8 /* AnswerQuestionViewController.swift */,
				2F3B0C291A49E1FB007E20A8 /* AnswerOptionTableViewCell.swift */,
			);
			name = Answer;
			sourceTree = "<group>";
		};
		2F9F37431A64C6ED00B77EB9 /* Results */ = {
			isa = PBXGroup;
			children = (
				2F8499091A49E699008A9586 /* SeeResultsViewController.swift */,
				2F90E2321A6F3F6900010EF4 /* ResponseCountCell.swift */,
				2F8E94731A82F4C6005AEF79 /* QuestionResultViewController.swift */,
				2F8E94751A82FED8005AEF79 /* QuestionResultTableViewCell.swift */,
				2F2DB44A1AB4AD190045FF16 /* CommentsViewController.swift */,
				2FE526E51AB4F32300B64C2D /* CommentsTableViewCell.swift */,
			);
			name = Results;
			sourceTree = "<group>";
		};
		2F9F37441A64C6FA00B77EB9 /* Core */ = {
			isa = PBXGroup;
			children = (
				2F3B0C2B1A49E1FB007E20A8 /* AppDelegate.swift */,
				2F7670391A61B32600F56955 /* DataController.swift */,
				2F9FE2A21A49E72B0061A0AA /* DataModels.swift */,
				2F8499081A49E699008A9586 /* RootViewController.swift */,
				2F84990C1A49E6A4008A9586 /* ModelController.swift */,
				2F8498F61A49E4CC008A9586 /* PollingViewControllerBase.swift */,
				2F806DDB1ACE3C5700D0A633 /* NSDate+Extension.swift */,
			);
			name = Core;
			sourceTree = "<group>";
		};
		2FF4087D1A741A950017FD3F /* Identity */ = {
			isa = PBXGroup;
			children = (
				2F23E54B1A49DDDF00017554 /* AccountViewController.swift */,
				2FF4087E1A741B110017FD3F /* RPLoginViewController.swift */,
				2FF408801A741FAB0017FD3F /* RPSignUpViewController.swift */,
			);
			name = Identity;
			sourceTree = "<group>";
		};
		81A6CA5E1A2EA0B800297C39 /* System Frameworks */ = {
			isa = PBXGroup;
			children = (
				6372FF571613CC47002132AF /* AdSupport.framework */,
				6372FF551613CC42002132AF /* Social.framework */,
				6372FF521613CC3C002132AF /* Accounts.framework */,
				095ACE8513C68EA300566243 /* AudioToolbox.framework */,
				092354B213A1D7EB00DA740F /* CFNetwork.framework */,
				743D7B6C157DA60100084B67 /* CoreGraphics.framework */,
				97E18B1E1624CB5700B17A67 /* CoreLocation.framework */,
				09ABC07313A1D52D009C3FCF /* Foundation.framework */,
				6332375315E438E900AE2736 /* libsqlite3.dylib */,
				099CCEAC13F9E3760039A464 /* libz.1.1.3.dylib */,
				81A6CA601A2EA82800297C39 /* libstdc++.6.dylib */,
				092354B613A1D83C00DA740F /* MobileCoreServices.framework */,
				2FCDD6AF14A573F500295AAC /* QuartzCore.framework */,
				09BEF34B13D51C3F001BBCDB /* Security.framework */,
				4998650415BF305000803E05 /* StoreKit.framework */,
				092354B413A1D7F000DA740F /* SystemConfiguration.framework */,
				09ABC07113A1D52D009C3FCF /* UIKit.framework */,
			);
			name = "System Frameworks";
			sourceTree = "<group>";
		};
/* End PBXGroup section */

/* Begin PBXNativeTarget section */
		09ABC06C13A1D52D009C3FCF /* RocketPoll */ = {
			isa = PBXNativeTarget;
			buildConfigurationList = 09ABC08E13A1D52E009C3FCF /* Build configuration list for PBXNativeTarget "RocketPoll" */;
			buildPhases = (
				09ABC06913A1D52D009C3FCF /* Sources */,
				09ABC06A13A1D52D009C3FCF /* Frameworks */,
				09ABC06B13A1D52D009C3FCF /* Resources */,
				81A6CA5F1A2EA3D600297C39 /* Upload Symbol Files */,
				2FC933DD1A71AFA500E670BE /* ShellScript */,
			);
			buildRules = (
			);
			dependencies = (
			);
			name = RocketPoll;
			productName = ParseStarterProject;
			productReference = 09ABC06D13A1D52D009C3FCF /* RocketPoll.app */;
			productType = "com.apple.product-type.application";
		};
/* End PBXNativeTarget section */

/* Begin PBXProject section */
		09ABC06413A1D52D009C3FCF /* Project object */ = {
			isa = PBXProject;
			attributes = {
				LastUpgradeCheck = 0510;
				TargetAttributes = {
					09ABC06C13A1D52D009C3FCF = {
						DevelopmentTeam = 3SZL8AP34G;
					};
				};
			};
			buildConfigurationList = 09ABC06713A1D52D009C3FCF /* Build configuration list for PBXProject "RocketPoll" */;
			compatibilityVersion = "Xcode 3.2";
			developmentRegion = English;
			hasScannedForEncodings = 0;
			knownRegions = (
				en,
				Base,
			);
			mainGroup = 09ABC06213A1D52D009C3FCF;
			productRefGroup = 09ABC06E13A1D52D009C3FCF /* Products */;
			projectDirPath = "";
			projectRoot = "";
			targets = (
				09ABC06C13A1D52D009C3FCF /* RocketPoll */,
			);
		};
/* End PBXProject section */

/* Begin PBXResourcesBuildPhase section */
		09ABC06B13A1D52D009C3FCF /* Resources */ = {
			isa = PBXResourcesBuildPhase;
			buildActionMask = 2147483647;
			files = (
				2F23E5641A49DDE900017554 /* Entitlements.plist in Resources */,
				2F23E5601A49DDE900017554 /* Default@2x.png in Resources */,
				2F23E5511A49DDDF00017554 /* RocketPoll-Info.plist in Resources */,
				2F23E5621A49DDE900017554 /* MainWindow.xib in Resources */,
				2FF4C7861A88066D003116DD /* Images.xcassets in Resources */,
				2F23E5631A49DDE900017554 /* ParseStarterProjectViewController.xib in Resources */,
				2F23E55F1A49DDE900017554 /* Default.png in Resources */,
				2F8498FF1A49E5DB008A9586 /* Main.storyboard in Resources */,
				2F8382481A719889003887F9 /* Launch.storyboard in Resources */,
				2F806E081ACE3D1500D0A633 /* NSDateTimeAgo.bundle in Resources */,
				2F23E55E1A49DDE900017554 /* Default-568h@2x.png in Resources */,
				2F23E5611A49DDE900017554 /* InfoPlist.strings in Resources */,
			);
			runOnlyForDeploymentPostprocessing = 0;
		};
/* End PBXResourcesBuildPhase section */

/* Begin PBXShellScriptBuildPhase section */
		2FC933DD1A71AFA500E670BE /* ShellScript */ = {
			isa = PBXShellScriptBuildPhase;
			buildActionMask = 2147483647;
			files = (
			);
			inputPaths = (
			);
			outputPaths = (
			);
			runOnlyForDeploymentPostprocessing = 0;
			shellPath = /bin/sh;
			shellScript = "export PATH=/usr/local/bin:$PATH\ncd ${SRCROOT}/parse\n\nparse symbols \"${DWARF_DSYM_FOLDER_PATH}/${DWARF_DSYM_FILE_NAME}\"";
		};
		81A6CA5F1A2EA3D600297C39 /* Upload Symbol Files */ = {
			isa = PBXShellScriptBuildPhase;
			buildActionMask = 2147483647;
			files = (
			);
			inputPaths = (
			);
			name = "Upload Symbol Files";
			outputPaths = (
			);
			runOnlyForDeploymentPostprocessing = 0;
			shellPath = /bin/sh;
			shellScript = "# This script will upload symbol files for your application,\n# so all your crash reports are going to be symbolicated\n\n# Important!\n# Before using the script, please initialize CloudCode folder and replace <path_to_cloudcode_folder> with the path to it\n#\n# Read more on Parse.com - https://parse.com/apps/quickstart#analytics/crashreporting/ios/\n############################################################\n\n\n# export PATH=/usr/local/bin:$PATH\n# cd <path_to_cloudcode_folder>\n\n# parse symbols \"${DWARF_DSYM_FOLDER_PATH}/${DWARF_DSYM_FILE_NAME}\"\n";
		};
/* End PBXShellScriptBuildPhase section */

/* Begin PBXSourcesBuildPhase section */
		09ABC06913A1D52D009C3FCF /* Sources */ = {
			isa = PBXSourcesBuildPhase;
			buildActionMask = 2147483647;
			files = (
				2F9F37401A64C24200B77EB9 /* QuestionsListViewController.swift in Sources */,
				2F9F37461A64CB6500B77EB9 /* QuestionListTableViewCell.swift in Sources */,
				2F90E2331A6F3F6900010EF4 /* ResponseCountCell.swift in Sources */,
				2F84990A1A49E699008A9586 /* RootViewController.swift in Sources */,
				2F3B0C301A49E1FB007E20A8 /* AskQuestionViewController.swift in Sources */,
				2F8E94741A82F4C6005AEF79 /* QuestionResultViewController.swift in Sources */,
				2FD50CCD1A4A2684007D72B2 /* FriendsListViewController.swift in Sources */,
				2FF408831A7452F90017FD3F /* MyQuestionsViewController.swift in Sources */,
				2FF408811A741FAB0017FD3F /* RPSignUpViewController.swift in Sources */,
				2F23E5501A49DDDF00017554 /* AccountViewController.swift in Sources */,
				2F8498F71A49E4CC008A9586 /* PollingViewControllerBase.swift in Sources */,
				2F3B0C2D1A49E1FB007E20A8 /* AnswerOptionTableViewCell.swift in Sources */,
				2F806DDC1ACE3C5700D0A633 /* NSDate+Extension.swift in Sources */,
				2F8E94761A82FED8005AEF79 /* QuestionResultTableViewCell.swift in Sources */,
				2FE665471A49ECAC0057BEC4 /* RocketPoll.xcdatamodeld in Sources */,
				2F3B0C2F1A49E1FB007E20A8 /* AppDelegate.swift in Sources */,
				2FF4087F1A741B110017FD3F /* RPLoginViewController.swift in Sources */,
				2F3B0C2E1A49E1FB007E20A8 /* AnswerQuestionViewController.swift in Sources */,
				2F806E0A1ACE45AD00D0A633 /* FriendTableViewCell.swift in Sources */,
				2FF408851A7455090017FD3F /* MyQuestionTableViewCell.swift in Sources */,
				2F9FE2A41A49E72B0061A0AA /* DataModels.swift in Sources */,
				2F84990D1A49E6A4008A9586 /* ModelController.swift in Sources */,
				2F2DB44B1AB4AD190045FF16 /* CommentsViewController.swift in Sources */,
				2F76703A1A61B32600F56955 /* DataController.swift in Sources */,
				2FE526E61AB4F32300B64C2D /* CommentsTableViewCell.swift in Sources */,
				2F84990B1A49E699008A9586 /* SeeResultsViewController.swift in Sources */,
				2FD74BE31A62EC1C0093BC03 /* FacebookFriendsTableViewCell.swift in Sources */,
			);
			runOnlyForDeploymentPostprocessing = 0;
		};
/* End PBXSourcesBuildPhase section */

/* Begin PBXVariantGroup section */
		2F23E5561A49DDE900017554 /* InfoPlist.strings */ = {
			isa = PBXVariantGroup;
			children = (
				2F23E5571A49DDE900017554 /* en */,
			);
			name = InfoPlist.strings;
			sourceTree = "<group>";
		};
		2F23E5581A49DDE900017554 /* MainWindow.xib */ = {
			isa = PBXVariantGroup;
			children = (
				2F23E5591A49DDE900017554 /* en */,
			);
			name = MainWindow.xib;
			sourceTree = "<group>";
		};
		2F23E55A1A49DDE900017554 /* ParseStarterProjectViewController.xib */ = {
			isa = PBXVariantGroup;
			children = (
				2F23E55B1A49DDE900017554 /* en */,
			);
			name = ParseStarterProjectViewController.xib;
			sourceTree = "<group>";
		};
		2F8498FD1A49E5DB008A9586 /* Main.storyboard */ = {
			isa = PBXVariantGroup;
			children = (
				2F8498FE1A49E5DB008A9586 /* Base */,
			);
			name = Main.storyboard;
			sourceTree = "<group>";
		};
/* End PBXVariantGroup section */

/* Begin XCBuildConfiguration section */
		09ABC08C13A1D52E009C3FCF /* Debug */ = {
			isa = XCBuildConfiguration;
			buildSettings = {
				CODE_SIGN_IDENTITY = "";
				GCC_OPTIMIZATION_LEVEL = 0;
				GCC_PREPROCESSOR_DEFINITIONS = DEBUG;
				GCC_SYMBOLS_PRIVATE_EXTERN = NO;
				GCC_WARN_ABOUT_RETURN_TYPE = YES;
				GCC_WARN_UNUSED_VARIABLE = YES;
				IPHONEOS_DEPLOYMENT_TARGET = 8.0;
				ONLY_ACTIVE_ARCH = YES;
				PROVISIONING_PROFILE = "4ede55c9-f0c9-491a-96b8-5d7659fa701a";
				SDKROOT = iphoneos;
			};
			name = Debug;
		};
		09ABC08D13A1D52E009C3FCF /* Release */ = {
			isa = XCBuildConfiguration;
			buildSettings = {
				CODE_SIGN_IDENTITY = "";
				GCC_WARN_ABOUT_RETURN_TYPE = YES;
				GCC_WARN_UNUSED_VARIABLE = YES;
				IPHONEOS_DEPLOYMENT_TARGET = 8.0;
				OTHER_CFLAGS = "-DNS_BLOCK_ASSERTIONS=1";
				PROVISIONING_PROFILE = "4ede55c9-f0c9-491a-96b8-5d7659fa701a";
				SDKROOT = iphoneos;
			};
			name = Release;
		};
		09ABC08F13A1D52E009C3FCF /* Debug */ = {
			isa = XCBuildConfiguration;
			buildSettings = {
				ASSETCATALOG_COMPILER_APPICON_NAME = AppIcon;
				CLANG_ENABLE_MODULES = YES;
				CLANG_ENABLE_OBJC_ARC = YES;
				CODE_SIGN_IDENTITY = "iPhone Developer";
				COPY_PHASE_STRIP = NO;
				FRAMEWORK_SEARCH_PATHS = (
					"$(inherited)",
					"$(SRCROOT)",
					"$(PROJECT_DIR)",
				);
				GCC_DYNAMIC_NO_PIC = NO;
				GCC_PRECOMPILE_PREFIX_HEADER = YES;
				GCC_PREFIX_HEADER = "RocketPoll/RocketPoll-Prefix.pch";
				INFOPLIST_FILE = "RocketPoll/RocketPoll-Info.plist";
				LD_RUNPATH_SEARCH_PATHS = "$(inherited) @executable_path/Frameworks";
				PRODUCT_NAME = RocketPoll;
				PROVISIONING_PROFILE = "777ad184-85b4-4d17-b9ad-787acb08b192";
				SWIFT_OBJC_BRIDGING_HEADER = "RocketPoll-Bridging-Header.h";
				SWIFT_OPTIMIZATION_LEVEL = "-Onone";
				WRAPPER_EXTENSION = app;
			};
			name = Debug;
		};
		09ABC09013A1D52E009C3FCF /* Release */ = {
			isa = XCBuildConfiguration;
			buildSettings = {
				ASSETCATALOG_COMPILER_APPICON_NAME = AppIcon;
				CLANG_ENABLE_MODULES = YES;
				CLANG_ENABLE_OBJC_ARC = YES;
				CODE_SIGN_IDENTITY = "iPhone Developer";
				COPY_PHASE_STRIP = YES;
				FRAMEWORK_SEARCH_PATHS = (
					"$(inherited)",
					"$(SRCROOT)",
					"$(PROJECT_DIR)",
				);
				GCC_PRECOMPILE_PREFIX_HEADER = YES;
				GCC_PREFIX_HEADER = "RocketPoll/RocketPoll-Prefix.pch";
				INFOPLIST_FILE = "RocketPoll/RocketPoll-Info.plist";
				LD_RUNPATH_SEARCH_PATHS = "$(inherited) @executable_path/Frameworks";
				PRODUCT_NAME = RocketPoll;
				PROVISIONING_PROFILE = "777ad184-85b4-4d17-b9ad-787acb08b192";
				SWIFT_OBJC_BRIDGING_HEADER = "RocketPoll-Bridging-Header.h";
				VALIDATE_PRODUCT = YES;
				WRAPPER_EXTENSION = app;
			};
			name = Release;
		};
/* End XCBuildConfiguration section */

/* Begin XCConfigurationList section */
		09ABC06713A1D52D009C3FCF /* Build configuration list for PBXProject "RocketPoll" */ = {
			isa = XCConfigurationList;
			buildConfigurations = (
				09ABC08C13A1D52E009C3FCF /* Debug */,
				09ABC08D13A1D52E009C3FCF /* Release */,
			);
			defaultConfigurationIsVisible = 0;
			defaultConfigurationName = Release;
		};
		09ABC08E13A1D52E009C3FCF /* Build configuration list for PBXNativeTarget "RocketPoll" */ = {
			isa = XCConfigurationList;
			buildConfigurations = (
				09ABC08F13A1D52E009C3FCF /* Debug */,
				09ABC09013A1D52E009C3FCF /* Release */,
			);
			defaultConfigurationIsVisible = 0;
			defaultConfigurationName = Release;
		};
/* End XCConfigurationList section */

/* Begin XCVersionGroup section */
		2FE665451A49ECAC0057BEC4 /* RocketPoll.xcdatamodeld */ = {
			isa = XCVersionGroup;
			children = (
				2FE665461A49ECAC0057BEC4 /* RocketPoll.xcdatamodel */,
			);
			currentVersion = 2FE665461A49ECAC0057BEC4 /* RocketPoll.xcdatamodel */;
			path = RocketPoll.xcdatamodeld;
			sourceTree = "<group>";
			versionGroupType = wrapper.xcdatamodel;
		};
/* End XCVersionGroup section */
	};
	rootObject = 09ABC06413A1D52D009C3FCF /* Project object */;
}
